
Microsoft Visual Studio Solution File, Format Version 12.00
# Visual Studio Version 17
VisualStudioVersion = 17.2.32516.85
MinimumVisualStudioVersion = 10.0.40219.1
Project("{9A19103F-16F7-4668-BE54-9A1E7A4F7556}") = "bbt.notification.worker", "bbt.notification.worker.csproj", "{C155B487-C355-492A-8717-EDFA800E72C1}"
EndProject
Global
	GlobalSection(SolutionConfigurationPlatforms) = preSolution
		Debug|Any CPU = Debug|Any CPU
		Release|Any CPU = Release|Any CPU
	EndGlobalSection
	GlobalSection(ProjectConfigurationPlatforms) = postSolution
		{C155B487-C355-492A-8717-EDFA800E72C1}.Debug|Any CPU.ActiveCfg = Debug|Any CPU
		{C155B487-C355-492A-8717-EDFA800E72C1}.Debug|Any CPU.Build.0 = Debug|Any CPU
		{C155B487-C355-492A-8717-EDFA800E72C1}.Release|Any CPU.ActiveCfg = Release|Any CPU
		{C155B487-C355-492A-8717-EDFA800E72C1}.Release|Any CPU.Build.0 = Release|Any CPU
	EndGlobalSection
	GlobalSection(SolutionProperties) = preSolution
		HideSolutionNode = FALSE
	EndGlobalSection
	GlobalSection(ExtensibilityGlobals) = postSolution
		SolutionGuid = {3C1BB1E3-55EA-4FD7-B7DF-042C026D181B}
	EndGlobalSection
EndGlobal
